
Microsoft Visual Studio Solution File, Format Version 12.00
# Visual Studio 15
VisualStudioVersion = 15.0.27004.2009
MinimumVisualStudioVersion = 10.0.40219.1
Project("{9A19103F-16F7-4668-BE54-9A1E7A4F7556}") = "ProductCatalog", "ProductCatalog\ProductCatalog.csproj", "{CC39B701-849C-44CF-B621-B6BAEE3EAE5A}"
EndProject
Project("{FAE04EC0-301F-11D3-BF4B-00C04F79EFBC}") = "TestProdutsCatalog", "TestProdutsCatalog\TestProdutsCatalog.csproj", "{516178A5-DCAE-475E-81D3-5B5EA2663EC0}"
EndProject
Global
	GlobalSection(SolutionConfigurationPlatforms) = preSolution
		Debug|Any CPU = Debug|Any CPU
		Release|Any CPU = Release|Any CPU
	EndGlobalSection
	GlobalSection(ProjectConfigurationPlatforms) = postSolution
		{CC39B701-849C-44CF-B621-B6BAEE3EAE5A}.Debug|Any CPU.ActiveCfg = Debug|Any CPU
		{CC39B701-849C-44CF-B621-B6BAEE3EAE5A}.Debug|Any CPU.Build.0 = Debug|Any CPU
		{CC39B701-849C-44CF-B621-B6BAEE3EAE5A}.Release|Any CPU.ActiveCfg = Release|Any CPU
		{CC39B701-849C-44CF-B621-B6BAEE3EAE5A}.Release|Any CPU.Build.0 = Release|Any CPU
		{516178A5-DCAE-475E-81D3-5B5EA2663EC0}.Debug|Any CPU.ActiveCfg = Debug|Any CPU
		{516178A5-DCAE-475E-81D3-5B5EA2663EC0}.Debug|Any CPU.Build.0 = Debug|Any CPU
		{516178A5-DCAE-475E-81D3-5B5EA2663EC0}.Release|Any CPU.ActiveCfg = Release|Any CPU
		{516178A5-DCAE-475E-81D3-5B5EA2663EC0}.Release|Any CPU.Build.0 = Release|Any CPU
	EndGlobalSection
	GlobalSection(SolutionProperties) = preSolution
		HideSolutionNode = FALSE
	EndGlobalSection
	GlobalSection(ExtensibilityGlobals) = postSolution
		SolutionGuid = {6159418A-63BE-4077-8B28-FE1F73AFAB46}
	EndGlobalSection
EndGlobal
